{
  "name": "standard-notes",
  "version": "2.0.42",
  "lockfileVersion": 1,
  "requires": true,
  "dependencies": {
    "argparse": {
      "version": "https://registry.npmjs.org/argparse/-/argparse-1.0.9.tgz",
      "integrity": "sha1-c9g7wmP4bpf4zE9rrhsOkKfSLIY=",
      "requires": {
        "sprintf-js": "https://registry.npmjs.org/sprintf-js/-/sprintf-js-1.0.3.tgz"
      }
    },
    "bluebird": {
      "version": "https://registry.npmjs.org/bluebird/-/bluebird-3.5.1.tgz",
      "integrity": "sha1-2VUfnemPH82h5oPRfukaBgLuLrk="
    },
    "bluebird-lst": {
      "version": "https://registry.npmjs.org/bluebird-lst/-/bluebird-lst-1.0.5.tgz",
      "integrity": "sha1-vryDAmt+kqcocaPcWZ4hnL+wAqk=",
      "requires": {
        "bluebird": "https://registry.npmjs.org/bluebird/-/bluebird-3.5.1.tgz"
      }
    },
    "builder-util-runtime": {
      "version": "https://registry.npmjs.org/builder-util-runtime/-/builder-util-runtime-3.1.0.tgz",
      "integrity": "sha1-YOxm08SfAoZVIwoJ13Z+d/9vFbg=",
      "requires": {
        "bluebird-lst": "https://registry.npmjs.org/bluebird-lst/-/bluebird-lst-1.0.5.tgz",
        "debug": "https://registry.npmjs.org/debug/-/debug-3.1.0.tgz",
        "fs-extra-p": "https://registry.npmjs.org/fs-extra-p/-/fs-extra-p-4.4.4.tgz",
        "sax": "https://registry.npmjs.org/sax/-/sax-1.2.4.tgz"
      }
    },
    "debug": {
      "version": "https://registry.npmjs.org/debug/-/debug-3.1.0.tgz",
      "integrity": "sha1-W7WgZyYotkFJVmuhaBnmFRjGcmE=",
      "requires": {
        "ms": "https://registry.npmjs.org/ms/-/ms-2.0.0.tgz"
      }
    },
    "deep-equal": {
      "version": "https://registry.npmjs.org/deep-equal/-/deep-equal-1.0.1.tgz",
      "integrity": "sha1-9dJgKStmDghO/0zbyfCK0yR0SLU="
    },
    "electron-is-dev": {
      "version": "https://registry.npmjs.org/electron-is-dev/-/electron-is-dev-0.1.2.tgz",
      "integrity": "sha1-ihBD4ys6HaHD9VPc4oznZCRhZ+M="
    },
    "electron-log": {
      "version": "https://registry.npmjs.org/electron-log/-/electron-log-1.3.0.tgz",
      "integrity": "sha1-0FVEEUuXGhbIZznHnQ0jYQOtChY="
    },
    "electron-updater": {
      "version": "https://registry.npmjs.org/electron-updater/-/electron-updater-2.16.1.tgz",
      "integrity": "sha1-KehViewxroF8oFvK8QNYvWYRkYg=",
      "requires": {
        "bluebird-lst": "https://registry.npmjs.org/bluebird-lst/-/bluebird-lst-1.0.5.tgz",
        "builder-util-runtime": "https://registry.npmjs.org/builder-util-runtime/-/builder-util-runtime-3.1.0.tgz",
        "electron-is-dev": "https://registry.npmjs.org/electron-is-dev/-/electron-is-dev-0.3.0.tgz",
        "fs-extra-p": "https://registry.npmjs.org/fs-extra-p/-/fs-extra-p-4.4.4.tgz",
        "js-yaml": "https://registry.npmjs.org/js-yaml/-/js-yaml-3.10.0.tgz",
        "lazy-val": "https://registry.npmjs.org/lazy-val/-/lazy-val-1.0.2.tgz",
        "lodash.isequal": "https://registry.npmjs.org/lodash.isequal/-/lodash.isequal-4.5.0.tgz",
        "semver": "https://registry.npmjs.org/semver/-/semver-5.4.1.tgz",
        "source-map-support": "https://registry.npmjs.org/source-map-support/-/source-map-support-0.5.0.tgz"
      },
      "dependencies": {
        "electron-is-dev": {
          "version": "https://registry.npmjs.org/electron-is-dev/-/electron-is-dev-0.3.0.tgz",
          "integrity": "sha1-FOb9pcaOnk7L7/nM8DfL18BcWv4="
        }
      }
    },
    "electron-window-state": {
      "version": "https://registry.npmjs.org/electron-window-state/-/electron-window-state-4.1.1.tgz",
      "integrity": "sha1-azT9wxs4UU3+yLfI97XUrdtnYy0=",
      "requires": {
        "deep-equal": "https://registry.npmjs.org/deep-equal/-/deep-equal-1.0.1.tgz",
        "jsonfile": "https://registry.npmjs.org/jsonfile/-/jsonfile-2.4.0.tgz",
        "mkdirp": "https://registry.npmjs.org/mkdirp/-/mkdirp-0.5.1.tgz"
      }
    },
    "esprima": {
      "version": "https://registry.npmjs.org/esprima/-/esprima-4.0.0.tgz",
      "integrity": "sha1-RJnt3NERDgshi6zy+n9/WfVcqAQ="
    },
    "fs-extra": {
      "version": "https://registry.npmjs.org/fs-extra/-/fs-extra-4.0.2.tgz",
      "integrity": "sha1-+RcExT0bRh+JNFKwwwfZmXZHq2s=",
      "requires": {
        "graceful-fs": "https://registry.npmjs.org/graceful-fs/-/graceful-fs-4.1.11.tgz",
        "jsonfile": "https://registry.npmjs.org/jsonfile/-/jsonfile-4.0.0.tgz",
        "universalify": "https://registry.npmjs.org/universalify/-/universalify-0.1.1.tgz"
      },
      "dependencies": {
        "jsonfile": {
          "version": "https://registry.npmjs.org/jsonfile/-/jsonfile-4.0.0.tgz",
          "integrity": "sha1-h3Gq4HmbZAdrdmQPygWPnBDjPss=",
          "requires": {
            "graceful-fs": "https://registry.npmjs.org/graceful-fs/-/graceful-fs-4.1.11.tgz"
          }
        }
      }
    },
    "fs-extra-p": {
      "version": "https://registry.npmjs.org/fs-extra-p/-/fs-extra-p-4.4.4.tgz",
      "integrity": "sha1-OWrW+RTrKVThcA/Q4YKIMB7UXwQ=",
      "requires": {
        "bluebird-lst": "https://registry.npmjs.org/bluebird-lst/-/bluebird-lst-1.0.5.tgz",
        "fs-extra": "https://registry.npmjs.org/fs-extra/-/fs-extra-4.0.2.tgz"
      }
    },
    "graceful-fs": {
      "version": "https://registry.npmjs.org/graceful-fs/-/graceful-fs-4.1.11.tgz",
      "integrity": "sha1-Dovf5NHduIVNZOBOp8AOKgJuVlg="
    },
    "js-yaml": {
      "version": "https://registry.npmjs.org/js-yaml/-/js-yaml-3.10.0.tgz",
      "integrity": "sha1-LnhEFka9RoLpY/IrbpKCPDCcYtw=",
      "requires": {
        "argparse": "https://registry.npmjs.org/argparse/-/argparse-1.0.9.tgz",
        "esprima": "https://registry.npmjs.org/esprima/-/esprima-4.0.0.tgz"
      }
    },
    "jsonfile": {
      "version": "https://registry.npmjs.org/jsonfile/-/jsonfile-2.4.0.tgz",
      "integrity": "sha1-NzaitCi4e72gzIO1P6PWM6NcKug=",
      "requires": {
        "graceful-fs": "https://registry.npmjs.org/graceful-fs/-/graceful-fs-4.1.11.tgz"
      }
    },
    "lazy-val": {
      "version": "https://registry.npmjs.org/lazy-val/-/lazy-val-1.0.2.tgz",
      "integrity": "sha1-2bB/sfzlTLyZs8YR3kMbgySTabY="
    },
    "lodash.isequal": {
      "version": "https://registry.npmjs.org/lodash.isequal/-/lodash.isequal-4.5.0.tgz",
      "integrity": "sha1-QVxEePK8wwEgwizhDtMib30+GOA="
    },
    "minimist": {
      "version": "https://registry.npmjs.org/minimist/-/minimist-0.0.8.tgz",
      "integrity": "sha1-hX/Kv8M5fSYluCKCYuhqp6ARsF0="
    },
    "mkdirp": {
      "version": "https://registry.npmjs.org/mkdirp/-/mkdirp-0.5.1.tgz",
      "integrity": "sha1-MAV0OOrGz3+MR2fzhkjWaX11yQM=",
      "requires": {
        "minimist": "https://registry.npmjs.org/minimist/-/minimist-0.0.8.tgz"
      }
    },
    "ms": {
      "version": "https://registry.npmjs.org/ms/-/ms-2.0.0.tgz",
      "integrity": "sha1-VgiurfwAvmwpAd9fmGF4jeDVl8g="
    },
    "sax": {
      "version": "https://registry.npmjs.org/sax/-/sax-1.2.4.tgz",
      "integrity": "sha1-KBYjTiN4vdxOU1T6tcqold9xANk="
    },
    "semver": {
      "version": "https://registry.npmjs.org/semver/-/semver-5.4.1.tgz",
      "integrity": "sha1-4FnAnYVx8FQII3M0M1BdOi8AsY4="
    },
    "source-map": {
      "version": "https://registry.npmjs.org/source-map/-/source-map-0.6.1.tgz",
      "integrity": "sha1-dHIq8y6WFOnCh6jQu95IteLxomM="
    },
    "source-map-support": {
      "version": "https://registry.npmjs.org/source-map-support/-/source-map-support-0.5.0.tgz",
      "integrity": "sha1-IBinrSvfj68mkeX92rJr7VorrKs=",
      "requires": {
        "source-map": "https://registry.npmjs.org/source-map/-/source-map-0.6.1.tgz"
      }
    },
    "sprintf-js": {
      "version": "https://registry.npmjs.org/sprintf-js/-/sprintf-js-1.0.3.tgz",
      "integrity": "sha1-BOaSb2YolTVPPdAVIDYzuFcpfiw="
    },
    "universalify": {
      "version": "https://registry.npmjs.org/universalify/-/universalify-0.1.1.tgz",
      "integrity": "sha1-+nG63UQ3r0wUiEHjs7Fl+enlkLc="
    }
  }
}
